
Microsoft Visual Studio Solution File, Format Version 12.00
# Visual Studio Version 17
VisualStudioVersion = 17.5.33502.453
MinimumVisualStudioVersion = 10.0.40219.1
Project("{FAE04EC0-301F-11D3-BF4B-00C04F79EFBC}") = "Banco", "Banco.csproj", "{A1E71863-B70F-4D37-A4A6-A72C2AFD6FA9}"
EndProject
Global
	GlobalSection(SolutionConfigurationPlatforms) = preSolution
		Debug|Any CPU = Debug|Any CPU
		Release|Any CPU = Release|Any CPU
	EndGlobalSection
	GlobalSection(ProjectConfigurationPlatforms) = postSolution
		{A1E71863-B70F-4D37-A4A6-A72C2AFD6FA9}.Debug|Any CPU.ActiveCfg = Debug|Any CPU
		{A1E71863-B70F-4D37-A4A6-A72C2AFD6FA9}.Debug|Any CPU.Build.0 = Debug|Any CPU
		{A1E71863-B70F-4D37-A4A6-A72C2AFD6FA9}.Release|Any CPU.ActiveCfg = Release|Any CPU
		{A1E71863-B70F-4D37-A4A6-A72C2AFD6FA9}.Release|Any CPU.Build.0 = Release|Any CPU
	EndGlobalSection
	GlobalSection(SolutionProperties) = preSolution
		HideSolutionNode = FALSE
	EndGlobalSection
	GlobalSection(ExtensibilityGlobals) = postSolution
		SolutionGuid = {B070DF3E-D320-4715-8D1F-F3B4016B81FE}
	EndGlobalSection
EndGlobal
